Microsoft Visual Studio Solution File, Format Version 12.00
# Visual Studio 15
VisualStudioVersion = 15.0.27130.2010
MinimumVisualStudioVersion = 15.0.26124.0
Project("{9A19103F-16F7-4668-BE54-9A1E7A4F7556}") = "site", "site\site.csproj", "{9F88CED5-00AD-4C3C-BF7D-1F3C49BF83A8}"
EndProject
Project("{FAE04EC0-301F-11D3-BF4B-00C04F79EFBC}") = "Library", "Library\Library.csproj", "{2673857D-C26A-4C9D-BCD1-77E680AD3DE3}"
EndProject
Global
	GlobalSection(SolutionConfigurationPlatforms) = preSolution
		Debug|Any CPU = Debug|Any CPU
		Debug|x64 = Debug|x64
		Debug|x86 = Debug|x86
		Release|Any CPU = Release|Any CPU
		Release|x64 = Release|x64
		Release|x86 = Release|x86
	EndGlobalSection
	GlobalSection(ProjectConfigurationPlatforms) = postSolution
		{9F88CED5-00AD-4C3C-BF7D-1F3C49BF83A8}.Debug|Any CPU.ActiveCfg = Debug|Any CPU
		{9F88CED5-00AD-4C3C-BF7D-1F3C49BF83A8}.Debug|Any CPU.Build.0 = Debug|Any CPU
		{9F88CED5-00AD-4C3C-BF7D-1F3C49BF83A8}.Debug|x64.ActiveCfg = Debug|Any CPU
		{9F88CED5-00AD-4C3C-BF7D-1F3C49BF83A8}.Debug|x64.Build.0 = Debug|Any CPU
		{9F88CED5-00AD-4C3C-BF7D-1F3C49BF83A8}.Debug|x86.ActiveCfg = Debug|Any CPU
		{9F88CED5-00AD-4C3C-BF7D-1F3C49BF83A8}.Debug|x86.Build.0 = Debug|Any CPU
		{9F88CED5-00AD-4C3C-BF7D-1F3C49BF83A8}.Release|Any CPU.ActiveCfg = Release|Any CPU
		{9F88CED5-00AD-4C3C-BF7D-1F3C49BF83A8}.Release|Any CPU.Build.0 = Release|Any CPU
		{9F88CED5-00AD-4C3C-BF7D-1F3C49BF83A8}.Release|x64.ActiveCfg = Release|Any CPU
		{9F88CED5-00AD-4C3C-BF7D-1F3C49BF83A8}.Release|x64.Build.0 = Release|Any CPU
		{9F88CED5-00AD-4C3C-BF7D-1F3C49BF83A8}.Release|x86.ActiveCfg = Release|Any CPU
		{9F88CED5-00AD-4C3C-BF7D-1F3C49BF83A8}.Release|x86.Build.0 = Release|Any CPU
		{2673857D-C26A-4C9D-BCD1-77E680AD3DE3}.Debug|Any CPU.ActiveCfg = Debug|Any CPU
		{2673857D-C26A-4C9D-BCD1-77E680AD3DE3}.Debug|Any CPU.Build.0 = Debug|Any CPU
		{2673857D-C26A-4C9D-BCD1-77E680AD3DE3}.Debug|x64.ActiveCfg = Debug|Any CPU
		{2673857D-C26A-4C9D-BCD1-77E680AD3DE3}.Debug|x64.Build.0 = Debug|Any CPU
		{2673857D-C26A-4C9D-BCD1-77E680AD3DE3}.Debug|x86.ActiveCfg = Debug|Any CPU
		{2673857D-C26A-4C9D-BCD1-77E680AD3DE3}.Debug|x86.Build.0 = Debug|Any CPU
		{2673857D-C26A-4C9D-BCD1-77E680AD3DE3}.Release|Any CPU.ActiveCfg = Release|Any CPU
		{2673857D-C26A-4C9D-BCD1-77E680AD3DE3}.Release|Any CPU.Build.0 = Release|Any CPU
		{2673857D-C26A-4C9D-BCD1-77E680AD3DE3}.Release|x64.ActiveCfg = Release|Any CPU
		{2673857D-C26A-4C9D-BCD1-77E680AD3DE3}.Release|x64.Build.0 = Release|Any CPU
		{2673857D-C26A-4C9D-BCD1-77E680AD3DE3}.Release|x86.ActiveCfg = Release|Any CPU
		{2673857D-C26A-4C9D-BCD1-77E680AD3DE3}.Release|x86.Build.0 = Release|Any CPU
	EndGlobalSection
	GlobalSection(SolutionProperties) = preSolution
		HideSolutionNode = FALSE
	EndGlobalSection
	GlobalSection(ExtensibilityGlobals) = postSolution
		SolutionGuid = {76C3FA92-AC9C-43EF-9597-155C4632D1BF}
	EndGlobalSection
EndGlobal
